// !$*UTF8*$!
{
	archiveVersion = 1;
	classes = {
	};
	objectVersion = 50;
	objects = {

/* Begin PBXBuildFile section */
		AA06E08C208CC9CE0027A6AF /* ImagesCollectionViewController.swift in Sources */ = {isa = PBXBuildFile; fileRef = AA06E08B208CC9CE0027A6AF /* ImagesCollectionViewController.swift */; };
		AA06E08E208CC9E40027A6AF /* DetailViewController.swift in Sources */ = {isa = PBXBuildFile; fileRef = AA06E08D208CC9E40027A6AF /* DetailViewController.swift */; };
		AA06E090208CCA100027A6AF /* ImageCollectionViewCell.swift in Sources */ = {isa = PBXBuildFile; fileRef = AA06E08F208CCA100027A6AF /* ImageCollectionViewCell.swift */; };
		AA06E099208CD3170027A6AF /* HelpingConstants.swift in Sources */ = {isa = PBXBuildFile; fileRef = AA06E098208CD3170027A6AF /* HelpingConstants.swift */; };
		AA06E09B208CD4710027A6AF /* Images.swift in Sources */ = {isa = PBXBuildFile; fileRef = AA06E09A208CD4710027A6AF /* Images.swift */; };
		AA06E0A1208D1DE60027A6AF /* CustomZoomTransition.swift in Sources */ = {isa = PBXBuildFile; fileRef = AA06E0A0208D1DE60027A6AF /* CustomZoomTransition.swift */; };
		AAB89134208A2A1F0088FD89 /* AppDelegate.swift in Sources */ = {isa = PBXBuildFile; fileRef = AAB89133208A2A1F0088FD89 /* AppDelegate.swift */; };
		AAB89139208A2A1F0088FD89 /* Main.storyboard in Resources */ = {isa = PBXBuildFile; fileRef = AAB89137208A2A1F0088FD89 /* Main.storyboard */; };
		AAB8913B208A2A210088FD89 /* Assets.xcassets in Resources */ = {isa = PBXBuildFile; fileRef = AAB8913A208A2A210088FD89 /* Assets.xcassets */; };
		AAB8913E208A2A210088FD89 /* LaunchScreen.storyboard in Resources */ = {isa = PBXBuildFile; fileRef = AAB8913C208A2A210088FD89 /* LaunchScreen.storyboard */; };
		AAC80F6B20924519000C911C /* SwipeImageRecognizer.swift in Sources */ = {isa = PBXBuildFile; fileRef = AAC80F6A20924519000C911C /* SwipeImageRecognizer.swift */; };
/* End PBXBuildFile section */

/* Begin PBXFileReference section */
		AA06E08B208CC9CE0027A6AF /* ImagesCollectionViewController.swift */ = {isa = PBXFileReference; lastKnownFileType = sourcecode.swift; path = ImagesCollectionViewController.swift; sourceTree = "<group>"; };
		AA06E08D208CC9E40027A6AF /* DetailViewController.swift */ = {isa = PBXFileReference; lastKnownFileType = sourcecode.swift; path = DetailViewController.swift; sourceTree = "<group>"; };
		AA06E08F208CCA100027A6AF /* ImageCollectionViewCell.swift */ = {isa = PBXFileReference; lastKnownFileType = sourcecode.swift; path = ImageCollectionViewCell.swift; sourceTree = "<group>"; };
		AA06E098208CD3170027A6AF /* HelpingConstants.swift */ = {isa = PBXFileReference; lastKnownFileType = sourcecode.swift; path = HelpingConstants.swift; sourceTree = "<group>"; };
		AA06E09A208CD4710027A6AF /* Images.swift */ = {isa = PBXFileReference; lastKnownFileType = sourcecode.swift; path = Images.swift; sourceTree = "<group>"; };
		AA06E0A0208D1DE60027A6AF /* CustomZoomTransition.swift */ = {isa = PBXFileReference; lastKnownFileType = sourcecode.swift; path = CustomZoomTransition.swift; sourceTree = "<group>"; };
		AAB89130208A2A1F0088FD89 /* CustomTransitionsSwift.app */ = {isa = PBXFileReference; explicitFileType = wrapper.application; includeInIndex = 0; path = CustomTransitionsSwift.app; sourceTree = BUILT_PRODUCTS_DIR; };
		AAB89133208A2A1F0088FD89 /* AppDelegate.swift */ = {isa = PBXFileReference; lastKnownFileType = sourcecode.swift; path = AppDelegate.swift; sourceTree = "<group>"; };
		AAB89138208A2A1F0088FD89 /* Base */ = {isa = PBXFileReference; lastKnownFileType = file.storyboard; name = Base; path = Base.lproj/Main.storyboard; sourceTree = "<group>"; };
		AAB8913A208A2A210088FD89 /* Assets.xcassets */ = {isa = PBXFileReference; lastKnownFileType = folder.assetcatalog; path = Assets.xcassets; sourceTree = "<group>"; };
		AAB8913D208A2A210088FD89 /* Base */ = {isa = PBXFileReference; lastKnownFileType = file.storyboard; name = Base; path = Base.lproj/LaunchScreen.storyboard; sourceTree = "<group>"; };
		AAB8913F208A2A210088FD89 /* Info.plist */ = {isa = PBXFileReference; lastKnownFileType = text.plist.xml; path = Info.plist; sourceTree = "<group>"; };
		AAC80F6A20924519000C911C /* SwipeImageRecognizer.swift */ = {isa = PBXFileReference; lastKnownFileType = sourcecode.swift; path = SwipeImageRecognizer.swift; sourceTree = "<group>"; };
/* End PBXFileReference section */

/* Begin PBXFrameworksBuildPhase section */
		AAB8912D208A2A1F0088FD89 /* Frameworks */ = {
			isa = PBXFrameworksBuildPhase;
			buildActionMask = 2147483647;
			files = (
			);
			runOnlyForDeploymentPostprocessing = 0;
		};
/* End PBXFrameworksBuildPhase section */

/* Begin PBXGroup section */
		AA06E091208CCA270027A6AF /* Controller */ = {
			isa = PBXGroup;
			children = (
				AA06E08B208CC9CE0027A6AF /* ImagesCollectionViewController.swift */,
				AA06E08D208CC9E40027A6AF /* DetailViewController.swift */,
			);
			path = Controller;
			sourceTree = "<group>";
		};
		AA06E093208CCA3B0027A6AF /* View */ = {
			isa = PBXGroup;
			children = (
				AA06E08F208CCA100027A6AF /* ImageCollectionViewCell.swift */,
			);
			path = View;
			sourceTree = "<group>";
		};
		AA06E094208CCA470027A6AF /* Model */ = {
			isa = PBXGroup;
			children = (
				AA06E098208CD3170027A6AF /* HelpingConstants.swift */,
				AA06E09A208CD4710027A6AF /* Images.swift */,
			);
			path = Model;
			sourceTree = "<group>";
		};
		AA06E095208CCA4E0027A6AF /* Other */ = {
			isa = PBXGroup;
			children = (
				AAB89133208A2A1F0088FD89 /* AppDelegate.swift */,
				AAB89137208A2A1F0088FD89 /* Main.storyboard */,
				AAB8913A208A2A210088FD89 /* Assets.xcassets */,
				AAB8913C208A2A210088FD89 /* LaunchScreen.storyboard */,
			);
			path = Other;
			sourceTree = "<group>";
		};
		AA06E097208CCA730027A6AF /* InfoPlists */ = {
			isa = PBXGroup;
			children = (
				AAB8913F208A2A210088FD89 /* Info.plist */,
			);
			name = InfoPlists;
			sourceTree = "<group>";
		};
		AA06E09F208D1DC50027A6AF /* Transitions */ = {
			isa = PBXGroup;
			children = (
				AA06E0A0208D1DE60027A6AF /* CustomZoomTransition.swift */,
				AAC80F6A20924519000C911C /* SwipeImageRecognizer.swift */,
			);
			path = Transitions;
			sourceTree = "<group>";
		};
		AAB89127208A2A1F0088FD89 = {
			isa = PBXGroup;
			children = (
				AAB89132208A2A1F0088FD89 /* CustomTransitionsSwift */,
				AAB89131208A2A1F0088FD89 /* Products */,
			);
			sourceTree = "<group>";
		};
		AAB89131208A2A1F0088FD89 /* Products */ = {
			isa = PBXGroup;
			children = (
				AAB89130208A2A1F0088FD89 /* CustomTransitionsSwift.app */,
			);
			name = Products;
			sourceTree = "<group>";
		};
		AAB89132208A2A1F0088FD89 /* CustomTransitionsSwift */ = {
			isa = PBXGroup;
			children = (
				AA06E09F208D1DC50027A6AF /* Transitions */,
				AA06E094208CCA470027A6AF /* Model */,
				AA06E093208CCA3B0027A6AF /* View */,
				AA06E091208CCA270027A6AF /* Controller */,
				AA06E095208CCA4E0027A6AF /* Other */,
				AA06E097208CCA730027A6AF /* InfoPlists */,
			);
			path = CustomTransitionsSwift;
			sourceTree = "<group>";
		};
/* End PBXGroup section */

/* Begin PBXNativeTarget section */
		AAB8912F208A2A1F0088FD89 /* CustomTransitionsSwift */ = {
			isa = PBXNativeTarget;
			buildConfigurationList = AAB89142208A2A210088FD89 /* Build configuration list for PBXNativeTarget "CustomTransitionsSwift" */;
			buildPhases = (
				AAB8912C208A2A1F0088FD89 /* Sources */,
				AAB8912D208A2A1F0088FD89 /* Frameworks */,
				AAB8912E208A2A1F0088FD89 /* Resources */,
			);
			buildRules = (
			);
			dependencies = (
			);
			name = CustomTransitionsSwift;
			productName = CustomTransitionsSwift;
			productReference = AAB89130208A2A1F0088FD89 /* CustomTransitionsSwift.app */;
			productType = "com.apple.product-type.application";
		};
/* End PBXNativeTarget section */

/* Begin PBXProject section */
		AAB89128208A2A1F0088FD89 /* Project object */ = {
			isa = PBXProject;
			attributes = {
				LastSwiftUpdateCheck = 0930;
				LastUpgradeCheck = 0930;
				ORGANIZATIONNAME = "Азат Алекбаев";
				TargetAttributes = {
					AAB8912F208A2A1F0088FD89 = {
						CreatedOnToolsVersion = 9.3;
					};
				};
			};
			buildConfigurationList = AAB8912B208A2A1F0088FD89 /* Build configuration list for PBXProject "CustomTransitionsSwift" */;
			compatibilityVersion = "Xcode 9.3";
			developmentRegion = en;
			hasScannedForEncodings = 0;
			knownRegions = (
				en,
				Base,
			);
			mainGroup = AAB89127208A2A1F0088FD89;
			productRefGroup = AAB89131208A2A1F0088FD89 /* Products */;
			projectDirPath = "";
			projectRoot = "";
			targets = (
				AAB8912F208A2A1F0088FD89 /* CustomTransitionsSwift */,
			);
		};
/* End PBXProject section */

/* Begin PBXResourcesBuildPhase section */
		AAB8912E208A2A1F0088FD89 /* Resources */ = {
			isa = PBXResourcesBuildPhase;
			buildActionMask = 2147483647;
			files = (
				AAB8913E208A2A210088FD89 /* LaunchScreen.storyboard in Resources */,
				AAB8913B208A2A210088FD89 /* Assets.xcassets in Resources */,
				AAB89139208A2A1F0088FD89 /* Main.storyboard in Resources */,
			);
			runOnlyForDeploymentPostprocessing = 0;
		};
/* End PBXResourcesBuildPhase section */

/* Begin PBXSourcesBuildPhase section */
		AAB8912C208A2A1F0088FD89 /* Sources */ = {
			isa = PBXSourcesBuildPhase;
			buildActionMask = 2147483647;
			files = (
				AAC80F6B20924519000C911C /* SwipeImageRecognizer.swift in Sources */,
				AA06E08E208CC9E40027A6AF /* DetailViewController.swift in Sources */,
				AA06E0A1208D1DE60027A6AF /* CustomZoomTransition.swift in Sources */,
				AA06E09B208CD4710027A6AF /* Images.swift in Sources */,
				AA06E08C208CC9CE0027A6AF /* ImagesCollectionViewController.swift in Sources */,
				AA06E090208CCA100027A6AF /* ImageCollectionViewCell.swift in Sources */,
				AAB89134208A2A1F0088FD89 /* AppDelegate.swift in Sources */,
				AA06E099208CD3170027A6AF /* HelpingConstants.swift in Sources */,
			);
			runOnlyForDeploymentPostprocessing = 0;
		};
/* End PBXSourcesBuildPhase section */

/* Begin PBXVariantGroup section */
		AAB89137208A2A1F0088FD89 /* Main.storyboard */ = {
			isa = PBXVariantGroup;
			children = (
				AAB89138208A2A1F0088FD89 /* Base */,
			);
			name = Main.storyboard;
			sourceTree = "<group>";
		};
		AAB8913C208A2A210088FD89 /* LaunchScreen.storyboard */ = {
			isa = PBXVariantGroup;
			children = (
				AAB8913D208A2A210088FD89 /* Base */,
			);
			name = LaunchScreen.storyboard;
			sourceTree = "<group>";
		};
/* End PBXVariantGroup section */

/* Begin XCBuildConfiguration section */
		AAB89140208A2A210088FD89 /* Debug */ = {
			isa = XCBuildConfiguration;
			buildSettings = {
				ALWAYS_SEARCH_USER_PATHS = NO;
				CLANG_ANALYZER_NONNULL = YES;
				CLANG_ANALYZER_NUMBER_OBJECT_CONVERSION = YES_AGGRESSIVE;
				CLANG_CXX_LANGUAGE_STANDARD = "gnu++14";
				CLANG_CXX_LIBRARY = "libc++";
				CLANG_ENABLE_MODULES = YES;
				CLANG_ENABLE_OBJC_ARC = YES;
				CLANG_ENABLE_OBJC_WEAK = YES;
				CLANG_WARN_BLOCK_CAPTURE_AUTORELEASING = YES;
				CLANG_WARN_BOOL_CONVERSION = YES;
				CLANG_WARN_COMMA = YES;
				CLANG_WARN_CONSTANT_CONVERSION = YES;
				CLANG_WARN_DEPRECATED_OBJC_IMPLEMENTATIONS = YES;
				CLANG_WARN_DIRECT_OBJC_ISA_USAGE = YES_ERROR;
				CLANG_WARN_DOCUMENTATION_COMMENTS = YES;
				CLANG_WARN_EMPTY_BODY = YES;
				CLANG_WARN_ENUM_CONVERSION = YES;
				CLANG_WARN_INFINITE_RECURSION = YES;
				CLANG_WARN_INT_CONVERSION = YES;
				CLANG_WARN_NON_LITERAL_NULL_CONVERSION = YES;
				CLANG_WARN_OBJC_IMPLICIT_RETAIN_SELF = YES;
				CLANG_WARN_OBJC_LITERAL_CONVERSION = YES;
				CLANG_WARN_OBJC_ROOT_CLASS = YES_ERROR;
				CLANG_WARN_RANGE_LOOP_ANALYSIS = YES;
				CLANG_WARN_STRICT_PROTOTYPES = YES;
				CLANG_WARN_SUSPICIOUS_MOVE = YES;
				CLANG_WARN_UNGUARDED_AVAILABILITY = YES_AGGRESSIVE;
				CLANG_WARN_UNREACHABLE_CODE = YES;
				CLANG_WARN__DUPLICATE_METHOD_MATCH = YES;
				CODE_SIGN_IDENTITY = "iPhone Developer";
				COPY_PHASE_STRIP = NO;
				DEBUG_INFORMATION_FORMAT = dwarf;
				ENABLE_STRICT_OBJC_MSGSEND = YES;
				ENABLE_TESTABILITY = YES;
				GCC_C_LANGUAGE_STANDARD = gnu11;
				GCC_DYNAMIC_NO_PIC = NO;
				GCC_NO_COMMON_BLOCKS = YES;
				GCC_OPTIMIZATION_LEVEL = 0;
				GCC_PREPROCESSOR_DEFINITIONS = (
					"DEBUG=1",
					"$(inherited)",
				);
				GCC_WARN_64_TO_32_BIT_CONVERSION = YES;
				GCC_WARN_ABOUT_RETURN_TYPE = YES_ERROR;
				GCC_WARN_UNDECLARED_SELECTOR = YES;
				GCC_WARN_UNINITIALIZED_AUTOS = YES_AGGRESSIVE;
				GCC_WARN_UNUSED_FUNCTION = YES;
				GCC_WARN_UNUSED_VARIABLE = YES;
				IPHONEOS_DEPLOYMENT_TARGET = 11.3;
				MTL_ENABLE_DEBUG_INFO = YES;
				ONLY_ACTIVE_ARCH = YES;
				SDKROOT = iphoneos;
				SWIFT_ACTIVE_COMPILATION_CONDITIONS = DEBUG;
				SWIFT_OPTIMIZATION_LEVEL = "-Onone";
			};
			name = Debug;
		};
		AAB89141208A2A210088FD89 /* Release */ = {
			isa = XCBuildConfiguration;
			buildSettings = {
				ALWAYS_SEARCH_USER_PATHS = NO;
				CLANG_ANALYZER_NONNULL = YES;
				CLANG_ANALYZER_NUMBER_OBJECT_CONVERSION = YES_AGGRESSIVE;
				CLANG_CXX_LANGUAGE_STANDARD = "gnu++14";
				CLANG_CXX_LIBRARY = "libc++";
				CLANG_ENABLE_MODULES = YES;
				CLANG_ENABLE_OBJC_ARC = YES;
				CLANG_ENABLE_OBJC_WEAK = YES;
				CLANG_WARN_BLOCK_CAPTURE_AUTORELEASING = YES;
				CLANG_WARN_BOOL_CONVERSION = YES;
				CLANG_WARN_COMMA = YES;
				CLANG_WARN_CONSTANT_CONVERSION = YES;
				CLANG_WARN_DEPRECATED_OBJC_IMPLEMENTATIONS = YES;
				CLANG_WARN_DIRECT_OBJC_ISA_USAGE = YES_ERROR;
				CLANG_WARN_DOCUMENTATION_COMMENTS = YES;
				CLANG_WARN_EMPTY_BODY = YES;
				CLANG_WARN_ENUM_CONVERSION = YES;
				CLANG_WARN_INFINITE_RECURSION = YES;
				CLANG_WARN_INT_CONVERSION = YES;
				CLANG_WARN_NON_LITERAL_NULL_CONVERSION = YES;
				CLANG_WARN_OBJC_IMPLICIT_RETAIN_SELF = YES;
				CLANG_WARN_OBJC_LITERAL_CONVERSION = YES;
				CLANG_WARN_OBJC_ROOT_CLASS = YES_ERROR;
				CLANG_WARN_RANGE_LOOP_ANALYSIS = YES;
				CLANG_WARN_STRICT_PROTOTYPES = YES;
				CLANG_WARN_SUSPICIOUS_MOVE = YES;
				CLANG_WARN_UNGUARDED_AVAILABILITY = YES_AGGRESSIVE;
				CLANG_WARN_UNREACHABLE_CODE = YES;
				CLANG_WARN__DUPLICATE_METHOD_MATCH = YES;
				CODE_SIGN_IDENTITY = "iPhone Developer";
				COPY_PHASE_STRIP = NO;
				DEBUG_INFORMATION_FORMAT = "dwarf-with-dsym";
				ENABLE_NS_ASSERTIONS = NO;
				ENABLE_STRICT_OBJC_MSGSEND = YES;
				GCC_C_LANGUAGE_STANDARD = gnu11;
				GCC_NO_COMMON_BLOCKS = YES;
				GCC_WARN_64_TO_32_BIT_CONVERSION = YES;
				GCC_WARN_ABOUT_RETURN_TYPE = YES_ERROR;
				GCC_WARN_UNDECLARED_SELECTOR = YES;
				GCC_WARN_UNINITIALIZED_AUTOS = YES_AGGRESSIVE;
				GCC_WARN_UNUSED_FUNCTION = YES;
				GCC_WARN_UNUSED_VARIABLE = YES;
				IPHONEOS_DEPLOYMENT_TARGET = 11.3;
				MTL_ENABLE_DEBUG_INFO = NO;
				SDKROOT = iphoneos;
				SWIFT_COMPILATION_MODE = wholemodule;
				SWIFT_OPTIMIZATION_LEVEL = "-O";
				VALIDATE_PRODUCT = YES;
			};
			name = Release;
		};
		AAB89143208A2A210088FD89 /* Debug */ = {
			isa = XCBuildConfiguration;
			buildSettings = {
				ASSETCATALOG_COMPILER_APPICON_NAME = AppIcon;
				CODE_SIGN_STYLE = Automatic;
				DEVELOPMENT_TEAM = U76UU38W98;
				INFOPLIST_FILE = CustomTransitionsSwift/Info.plist;
				LD_RUNPATH_SEARCH_PATHS = (
					"$(inherited)",
					"@executable_path/Frameworks",
				);
				PRODUCT_BUNDLE_IDENTIFIER = iosLab.CustomTransitionsSwift;
				PRODUCT_NAME = "$(TARGET_NAME)";
				SWIFT_VERSION = 4.0;
				TARGETED_DEVICE_FAMILY = "1,2";
			};
			name = Debug;
		};
		AAB89144208A2A210088FD89 /* Release */ = {
			isa = XCBuildConfiguration;
			buildSettings = {
				ASSETCATALOG_COMPILER_APPICON_NAME = AppIcon;
				CODE_SIGN_STYLE = Automatic;
				DEVELOPMENT_TEAM = U76UU38W98;
				INFOPLIST_FILE = CustomTransitionsSwift/Info.plist;
				LD_RUNPATH_SEARCH_PATHS = (
					"$(inherited)",
					"@executable_path/Frameworks",
				);
				PRODUCT_BUNDLE_IDENTIFIER = iosLab.CustomTransitionsSwift;
				PRODUCT_NAME = "$(TARGET_NAME)";
				SWIFT_VERSION = 4.0;
				TARGETED_DEVICE_FAMILY = "1,2";
			};
			name = Release;
		};
/* End XCBuildConfiguration section */

/* Begin XCConfigurationList section */
		AAB8912B208A2A1F0088FD89 /* Build configuration list for PBXProject "CustomTransitionsSwift" */ = {
			isa = XCConfigurationList;
			buildConfigurations = (
				AAB89140208A2A210088FD89 /* Debug */,
				AAB89141208A2A210088FD89 /* Release */,
			);
			defaultConfigurationIsVisible = 0;
			defaultConfigurationName = Release;
		};
		AAB89142208A2A210088FD89 /* Build configuration list for PBXNativeTarget "CustomTransitionsSwift" */ = {
			isa = XCConfigurationList;
			buildConfigurations = (
				AAB89143208A2A210088FD89 /* Debug */,
				AAB89144208A2A210088FD89 /* Release */,
			);
			defaultConfigurationIsVisible = 0;
			defaultConfigurationName = Release;
		};
/* End XCConfigurationList section */
	};
	rootObject = AAB89128208A2A1F0088FD89 /* Project object */;
}
